
Microsoft Visual Studio Solution File, Format Version 12.00
# Visual Studio Version 17
VisualStudioVersion = 17.10.35027.167
MinimumVisualStudioVersion = 10.0.40219.1
Project("{FAE04EC0-301F-11D3-BF4B-00C04F79EFBC}") = "46_2", "46_2.csproj", "{36E9A8C9-D81C-4733-978C-D5D548B33BBA}"
EndProject
Global
	GlobalSection(SolutionConfigurationPlatforms) = preSolution
		Debug|Any CPU = Debug|Any CPU
		Release|Any CPU = Release|Any CPU
	EndGlobalSection
	GlobalSection(ProjectConfigurationPlatforms) = postSolution
		{36E9A8C9-D81C-4733-978C-D5D548B33BBA}.Debug|Any CPU.ActiveCfg = Debug|Any CPU
		{36E9A8C9-D81C-4733-978C-D5D548B33BBA}.Debug|Any CPU.Build.0 = Debug|Any CPU
		{36E9A8C9-D81C-4733-978C-D5D548B33BBA}.Release|Any CPU.ActiveCfg = Release|Any CPU
		{36E9A8C9-D81C-4733-978C-D5D548B33BBA}.Release|Any CPU.Build.0 = Release|Any CPU
	EndGlobalSection
	GlobalSection(SolutionProperties) = preSolution
		HideSolutionNode = FALSE
	EndGlobalSection
	GlobalSection(ExtensibilityGlobals) = postSolution
		SolutionGuid = {A34859B6-6D99-4675-9083-1B9610B5C6B3}
	EndGlobalSection
EndGlobal
